
Microsoft Visual Studio Solution File, Format Version 12.00
# Visual Studio Version 16
VisualStudioVersion = 16.0.30204.135
MinimumVisualStudioVersion = 10.0.40219.1
Project("{FAE04EC0-301F-11D3-BF4B-00C04F79EFBC}") = "PascherDaten", "PascherDaten\PascherDaten.csproj", "{BD97E28F-8260-4982-A62C-1E9B34DCA98C}"
EndProject
Global
	GlobalSection(SolutionConfigurationPlatforms) = preSolution
		Debug|Any CPU = Debug|Any CPU
		Release|Any CPU = Release|Any CPU
	EndGlobalSection
	GlobalSection(ProjectConfigurationPlatforms) = postSolution
		{BD97E28F-8260-4982-A62C-1E9B34DCA98C}.Debug|Any CPU.ActiveCfg = Debug|Any CPU
		{BD97E28F-8260-4982-A62C-1E9B34DCA98C}.Debug|Any CPU.Build.0 = Debug|Any CPU
		{BD97E28F-8260-4982-A62C-1E9B34DCA98C}.Release|Any CPU.ActiveCfg = Release|Any CPU
		{BD97E28F-8260-4982-A62C-1E9B34DCA98C}.Release|Any CPU.Build.0 = Release|Any CPU
	EndGlobalSection
	GlobalSection(SolutionProperties) = preSolution
		HideSolutionNode = FALSE
	EndGlobalSection
	GlobalSection(ExtensibilityGlobals) = postSolution
		SolutionGuid = {FD914F1D-2A7B-47DE-AFBA-A5B8C209FA3D}
	EndGlobalSection
EndGlobal
